// !$*UTF8*$!
{
	archiveVersion = 1;
	classes = {
	};
	objectVersion = 50;
	objects = {

/* Begin PBXBuildFile section */
		A4F36C2D243CD44300317590 /* Colourable.h in Headers */ = {isa = PBXBuildFile; fileRef = A4F36C2B243CD44300317590 /* Colourable.h */; settings = {ATTRIBUTES = (Public, ); }; };
		A4F36C36243CD46F00317590 /* UIColorRandom.swift in Sources */ = {isa = PBXBuildFile; fileRef = A4F36C33243CD46F00317590 /* UIColorRandom.swift */; };
		A4F36C37243CD46F00317590 /* UIColorHex.swift in Sources */ = {isa = PBXBuildFile; fileRef = A4F36C34243CD46F00317590 /* UIColorHex.swift */; };
		A4F36C38243CD46F00317590 /* UIColorRGB.swift in Sources */ = {isa = PBXBuildFile; fileRef = A4F36C35243CD46F00317590 /* UIColorRGB.swift */; };
		A4F36C40243CD4C100317590 /* AppDelegate.swift in Sources */ = {isa = PBXBuildFile; fileRef = A4F36C3F243CD4C100317590 /* AppDelegate.swift */; };
		A4F36C44243CD4C100317590 /* ViewController.swift in Sources */ = {isa = PBXBuildFile; fileRef = A4F36C43243CD4C100317590 /* ViewController.swift */; };
		A4F36C47243CD4C100317590 /* Main.storyboard in Resources */ = {isa = PBXBuildFile; fileRef = A4F36C45243CD4C100317590 /* Main.storyboard */; };
		A4F36C49243CD4C200317590 /* Assets.xcassets in Resources */ = {isa = PBXBuildFile; fileRef = A4F36C48243CD4C200317590 /* Assets.xcassets */; };
		A4F36C4C243CD4C200317590 /* LaunchScreen.storyboard in Resources */ = {isa = PBXBuildFile; fileRef = A4F36C4A243CD4C200317590 /* LaunchScreen.storyboard */; };
		A4F36C52243CD4E600317590 /* Colourable.framework in Frameworks */ = {isa = PBXBuildFile; fileRef = A4F36C28243CD44300317590 /* Colourable.framework */; };
		A4F36C53243CD4E600317590 /* Colourable.framework in Embed Frameworks */ = {isa = PBXBuildFile; fileRef = A4F36C28243CD44300317590 /* Colourable.framework */; settings = {ATTRIBUTES = (CodeSignOnCopy, RemoveHeadersOnCopy, ); }; };
/* End PBXBuildFile section */

/* Begin PBXContainerItemProxy section */
		A4F36C54243CD4E600317590 /* PBXContainerItemProxy */ = {
			isa = PBXContainerItemProxy;
			containerPortal = A4F36C1F243CD44300317590 /* Project object */;
			proxyType = 1;
			remoteGlobalIDString = A4F36C27243CD44300317590;
			remoteInfo = Colourable;
		};
/* End PBXContainerItemProxy section */

/* Begin PBXCopyFilesBuildPhase section */
		A4F36C56243CD4E600317590 /* Embed Frameworks */ = {
			isa = PBXCopyFilesBuildPhase;
			buildActionMask = 2147483647;
			dstPath = "";
			dstSubfolderSpec = 10;
			files = (
				A4F36C53243CD4E600317590 /* Colourable.framework in Embed Frameworks */,
			);
			name = "Embed Frameworks";
			runOnlyForDeploymentPostprocessing = 0;
		};
/* End PBXCopyFilesBuildPhase section */

/* Begin PBXFileReference section */
		A4F36C28243CD44300317590 /* Colourable.framework */ = {isa = PBXFileReference; explicitFileType = wrapper.framework; includeInIndex = 0; path = Colourable.framework; sourceTree = BUILT_PRODUCTS_DIR; };
		A4F36C2B243CD44300317590 /* Colourable.h */ = {isa = PBXFileReference; lastKnownFileType = sourcecode.c.h; path = Colourable.h; sourceTree = "<group>"; };
		A4F36C2C243CD44300317590 /* Info.plist */ = {isa = PBXFileReference; lastKnownFileType = text.plist.xml; path = Info.plist; sourceTree = "<group>"; };
		A4F36C33243CD46F00317590 /* UIColorRandom.swift */ = {isa = PBXFileReference; fileEncoding = 4; lastKnownFileType = sourcecode.swift; path = UIColorRandom.swift; sourceTree = "<group>"; };
		A4F36C34243CD46F00317590 /* UIColorHex.swift */ = {isa = PBXFileReference; fileEncoding = 4; lastKnownFileType = sourcecode.swift; path = UIColorHex.swift; sourceTree = "<group>"; };
		A4F36C35243CD46F00317590 /* UIColorRGB.swift */ = {isa = PBXFileReference; fileEncoding = 4; lastKnownFileType = sourcecode.swift; path = UIColorRGB.swift; sourceTree = "<group>"; };
		A4F36C3D243CD4C100317590 /* Example.app */ = {isa = PBXFileReference; explicitFileType = wrapper.application; includeInIndex = 0; path = Example.app; sourceTree = BUILT_PRODUCTS_DIR; };
		A4F36C3F243CD4C100317590 /* AppDelegate.swift */ = {isa = PBXFileReference; lastKnownFileType = sourcecode.swift; path = AppDelegate.swift; sourceTree = "<group>"; };
		A4F36C43243CD4C100317590 /* ViewController.swift */ = {isa = PBXFileReference; lastKnownFileType = sourcecode.swift; path = ViewController.swift; sourceTree = "<group>"; };
		A4F36C46243CD4C100317590 /* Base */ = {isa = PBXFileReference; lastKnownFileType = file.storyboard; name = Base; path = Base.lproj/Main.storyboard; sourceTree = "<group>"; };
		A4F36C48243CD4C200317590 /* Assets.xcassets */ = {isa = PBXFileReference; lastKnownFileType = folder.assetcatalog; path = Assets.xcassets; sourceTree = "<group>"; };
		A4F36C4B243CD4C200317590 /* Base */ = {isa = PBXFileReference; lastKnownFileType = file.storyboard; name = Base; path = Base.lproj/LaunchScreen.storyboard; sourceTree = "<group>"; };
		A4F36C4D243CD4C200317590 /* Info.plist */ = {isa = PBXFileReference; lastKnownFileType = text.plist.xml; path = Info.plist; sourceTree = "<group>"; };
/* End PBXFileReference section */

/* Begin PBXFrameworksBuildPhase section */
		A4F36C25243CD44300317590 /* Frameworks */ = {
			isa = PBXFrameworksBuildPhase;
			buildActionMask = 2147483647;
			files = (
			);
			runOnlyForDeploymentPostprocessing = 0;
		};
		A4F36C3A243CD4C100317590 /* Frameworks */ = {
			isa = PBXFrameworksBuildPhase;
			buildActionMask = 2147483647;
			files = (
				A4F36C52243CD4E600317590 /* Colourable.framework in Frameworks */,
			);
			runOnlyForDeploymentPostprocessing = 0;
		};
/* End PBXFrameworksBuildPhase section */

/* Begin PBXGroup section */
		A4F36C1E243CD44300317590 = {
			isa = PBXGroup;
			children = (
				A4F36C2A243CD44300317590 /* Colourable */,
				A4F36C3E243CD4C100317590 /* Example */,
				A4F36C29243CD44300317590 /* Products */,
				A4F36C51243CD4E600317590 /* Frameworks */,
			);
			sourceTree = "<group>";
		};
		A4F36C29243CD44300317590 /* Products */ = {
			isa = PBXGroup;
			children = (
				A4F36C28243CD44300317590 /* Colourable.framework */,
				A4F36C3D243CD4C100317590 /* Example.app */,
			);
			name = Products;
			sourceTree = "<group>";
		};
		A4F36C2A243CD44300317590 /* Colourable */ = {
			isa = PBXGroup;
			children = (
				A4F36C57243CD64300317590 /* UIColor Extensions */,
				A4F36C2B243CD44300317590 /* Colourable.h */,
				A4F36C2C243CD44300317590 /* Info.plist */,
			);
			path = Colourable;
			sourceTree = "<group>";
		};
		A4F36C3E243CD4C100317590 /* Example */ = {
			isa = PBXGroup;
			children = (
				A4F36C3F243CD4C100317590 /* AppDelegate.swift */,
				A4F36C43243CD4C100317590 /* ViewController.swift */,
				A4F36C45243CD4C100317590 /* Main.storyboard */,
				A4F36C48243CD4C200317590 /* Assets.xcassets */,
				A4F36C4A243CD4C200317590 /* LaunchScreen.storyboard */,
				A4F36C4D243CD4C200317590 /* Info.plist */,
			);
			path = Example;
			sourceTree = "<group>";
		};
		A4F36C51243CD4E600317590 /* Frameworks */ = {
			isa = PBXGroup;
			children = (
			);
			name = Frameworks;
			sourceTree = "<group>";
		};
		A4F36C57243CD64300317590 /* UIColor Extensions */ = {
			isa = PBXGroup;
			children = (
				A4F36C34243CD46F00317590 /* UIColorHex.swift */,
				A4F36C33243CD46F00317590 /* UIColorRandom.swift */,
				A4F36C35243CD46F00317590 /* UIColorRGB.swift */,
			);
			path = "UIColor Extensions";
			sourceTree = "<group>";
		};
/* End PBXGroup section */

/* Begin PBXHeadersBuildPhase section */
		A4F36C23243CD44300317590 /* Headers */ = {
			isa = PBXHeadersBuildPhase;
			buildActionMask = 2147483647;
			files = (
				A4F36C2D243CD44300317590 /* Colourable.h in Headers */,
			);
			runOnlyForDeploymentPostprocessing = 0;
		};
/* End PBXHeadersBuildPhase section */

/* Begin PBXNativeTarget section */
		A4F36C27243CD44300317590 /* Colourable */ = {
			isa = PBXNativeTarget;
			buildConfigurationList = A4F36C30243CD44300317590 /* Build configuration list for PBXNativeTarget "Colourable" */;
			buildPhases = (
				A4F36C23243CD44300317590 /* Headers */,
				A4F36C24243CD44300317590 /* Sources */,
				A4F36C25243CD44300317590 /* Frameworks */,
				A4F36C26243CD44300317590 /* Resources */,
			);
			buildRules = (
			);
			dependencies = (
			);
			name = Colourable;
			productName = Colourable;
			productReference = A4F36C28243CD44300317590 /* Colourable.framework */;
			productType = "com.apple.product-type.framework";
		};
		A4F36C3C243CD4C100317590 /* Example */ = {
			isa = PBXNativeTarget;
			buildConfigurationList = A4F36C4E243CD4C200317590 /* Build configuration list for PBXNativeTarget "Example" */;
			buildPhases = (
				A4F36C39243CD4C100317590 /* Sources */,
				A4F36C3A243CD4C100317590 /* Frameworks */,
				A4F36C3B243CD4C100317590 /* Resources */,
				A4F36C56243CD4E600317590 /* Embed Frameworks */,
			);
			buildRules = (
			);
			dependencies = (
				A4F36C55243CD4E600317590 /* PBXTargetDependency */,
			);
			name = Example;
			productName = Example;
			productReference = A4F36C3D243CD4C100317590 /* Example.app */;
			productType = "com.apple.product-type.application";
		};
/* End PBXNativeTarget section */

/* Begin PBXProject section */
		A4F36C1F243CD44300317590 /* Project object */ = {
			isa = PBXProject;
			attributes = {
				LastSwiftUpdateCheck = 1130;
				LastUpgradeCheck = 1130;
				ORGANIZATIONNAME = "Karim Azmi";
				TargetAttributes = {
					A4F36C27243CD44300317590 = {
						CreatedOnToolsVersion = 11.3.1;
						LastSwiftMigration = 1130;
					};
					A4F36C3C243CD4C100317590 = {
						CreatedOnToolsVersion = 11.3.1;
					};
				};
			};
			buildConfigurationList = A4F36C22243CD44300317590 /* Build configuration list for PBXProject "Colourable" */;
			compatibilityVersion = "Xcode 9.3";
			developmentRegion = en;
			hasScannedForEncodings = 0;
			knownRegions = (
				en,
				Base,
			);
			mainGroup = A4F36C1E243CD44300317590;
			productRefGroup = A4F36C29243CD44300317590 /* Products */;
			projectDirPath = "";
			projectRoot = "";
			targets = (
				A4F36C27243CD44300317590 /* Colourable */,
				A4F36C3C243CD4C100317590 /* Example */,
			);
		};
/* End PBXProject section */

/* Begin PBXResourcesBuildPhase section */
		A4F36C26243CD44300317590 /* Resources */ = {
			isa = PBXResourcesBuildPhase;
			buildActionMask = 2147483647;
			files = (
			);
			runOnlyForDeploymentPostprocessing = 0;
		};
		A4F36C3B243CD4C100317590 /* Resources */ = {
			isa = PBXResourcesBuildPhase;
			buildActionMask = 2147483647;
			files = (
				A4F36C4C243CD4C200317590 /* LaunchScreen.storyboard in Resources */,
				A4F36C49243CD4C200317590 /* Assets.xcassets in Resources */,
				A4F36C47243CD4C100317590 /* Main.storyboard in Resources */,
			);
			runOnlyForDeploymentPostprocessing = 0;
		};
/* End PBXResourcesBuildPhase section */

/* Begin PBXSourcesBuildPhase section */
		A4F36C24243CD44300317590 /* Sources */ = {
			isa = PBXSourcesBuildPhase;
			buildActionMask = 2147483647;
			files = (
				A4F36C38243CD46F00317590 /* UIColorRGB.swift in Sources */,
				A4F36C36243CD46F00317590 /* UIColorRandom.swift in Sources */,
				A4F36C37243CD46F00317590 /* UIColorHex.swift in Sources */,
			);
			runOnlyForDeploymentPostprocessing = 0;
		};
		A4F36C39243CD4C100317590 /* Sources */ = {
			isa = PBXSourcesBuildPhase;
			buildActionMask = 2147483647;
			files = (
				A4F36C44243CD4C100317590 /* ViewController.swift in Sources */,
				A4F36C40243CD4C100317590 /* AppDelegate.swift in Sources */,
			);
			runOnlyForDeploymentPostprocessing = 0;
		};
/* End PBXSourcesBuildPhase section */

/* Begin PBXTargetDependency section */
		A4F36C55243CD4E600317590 /* PBXTargetDependency */ = {
			isa = PBXTargetDependency;
			target = A4F36C27243CD44300317590 /* Colourable */;
			targetProxy = A4F36C54243CD4E600317590 /* PBXContainerItemProxy */;
		};
/* End PBXTargetDependency section */

/* Begin PBXVariantGroup section */
		A4F36C45243CD4C100317590 /* Main.storyboard */ = {
			isa = PBXVariantGroup;
			children = (
				A4F36C46243CD4C100317590 /* Base */,
			);
			name = Main.storyboard;
			sourceTree = "<group>";
		};
		A4F36C4A243CD4C200317590 /* LaunchScreen.storyboard */ = {
			isa = PBXVariantGroup;
			children = (
				A4F36C4B243CD4C200317590 /* Base */,
			);
			name = LaunchScreen.storyboard;
			sourceTree = "<group>";
		};
/* End PBXVariantGroup section */

/* Begin XCBuildConfiguration section */
		A4F36C2E243CD44300317590 /* Debug */ = {
			isa = XCBuildConfiguration;
			buildSettings = {
				ALWAYS_SEARCH_USER_PATHS = NO;
				CLANG_ANALYZER_NONNULL = YES;
				CLANG_ANALYZER_NUMBER_OBJECT_CONVERSION = YES_AGGRESSIVE;
				CLANG_CXX_LANGUAGE_STANDARD = "gnu++14";
				CLANG_CXX_LIBRARY = "libc++";
				CLANG_ENABLE_MODULES = YES;
				CLANG_ENABLE_OBJC_ARC = YES;
				CLANG_ENABLE_OBJC_WEAK = YES;
				CLANG_WARN_BLOCK_CAPTURE_AUTORELEASING = YES;
				CLANG_WARN_BOOL_CONVERSION = YES;
				CLANG_WARN_COMMA = YES;
				CLANG_WARN_CONSTANT_CONVERSION = YES;
				CLANG_WARN_DEPRECATED_OBJC_IMPLEMENTATIONS = YES;
				CLANG_WARN_DIRECT_OBJC_ISA_USAGE = YES_ERROR;
				CLANG_WARN_DOCUMENTATION_COMMENTS = YES;
				CLANG_WARN_EMPTY_BODY = YES;
				CLANG_WARN_ENUM_CONVERSION = YES;
				CLANG_WARN_INFINITE_RECURSION = YES;
				CLANG_WARN_INT_CONVERSION = YES;
				CLANG_WARN_NON_LITERAL_NULL_CONVERSION = YES;
				CLANG_WARN_OBJC_IMPLICIT_RETAIN_SELF = YES;
				CLANG_WARN_OBJC_LITERAL_CONVERSION = YES;
				CLANG_WARN_OBJC_ROOT_CLASS = YES_ERROR;
				CLANG_WARN_RANGE_LOOP_ANALYSIS = YES;
				CLANG_WARN_STRICT_PROTOTYPES = YES;
				CLANG_WARN_SUSPICIOUS_MOVE = YES;
				CLANG_WARN_UNGUARDED_AVAILABILITY = YES_AGGRESSIVE;
				CLANG_WARN_UNREACHABLE_CODE = YES;
				CLANG_WARN__DUPLICATE_METHOD_MATCH = YES;
				COPY_PHASE_STRIP = NO;
				CURRENT_PROJECT_VERSION = 1;
				DEBUG_INFORMATION_FORMAT = dwarf;
				ENABLE_STRICT_OBJC_MSGSEND = YES;
				ENABLE_TESTABILITY = YES;
				GCC_C_LANGUAGE_STANDARD = gnu11;
				GCC_DYNAMIC_NO_PIC = NO;
				GCC_NO_COMMON_BLOCKS = YES;
				GCC_OPTIMIZATION_LEVEL = 0;
				GCC_PREPROCESSOR_DEFINITIONS = (
					"DEBUG=1",
					"$(inherited)",
				);
				GCC_WARN_64_TO_32_BIT_CONVERSION = YES;
				GCC_WARN_ABOUT_RETURN_TYPE = YES_ERROR;
				GCC_WARN_UNDECLARED_SELECTOR = YES;
				GCC_WARN_UNINITIALIZED_AUTOS = YES_AGGRESSIVE;
				GCC_WARN_UNUSED_FUNCTION = YES;
				GCC_WARN_UNUSED_VARIABLE = YES;
				IPHONEOS_DEPLOYMENT_TARGET = 13.2;
				MTL_ENABLE_DEBUG_INFO = INCLUDE_SOURCE;
				MTL_FAST_MATH = YES;
				ONLY_ACTIVE_ARCH = YES;
				SDKROOT = iphoneos;
				SWIFT_ACTIVE_COMPILATION_CONDITIONS = DEBUG;
				SWIFT_OPTIMIZATION_LEVEL = "-Onone";
				VERSIONING_SYSTEM = "apple-generic";
				VERSION_INFO_PREFIX = "";
			};
			name = Debug;
		};
		A4F36C2F243CD44300317590 /* Release */ = {
			isa = XCBuildConfiguration;
			buildSettings = {
				ALWAYS_SEARCH_USER_PATHS = NO;
				CLANG_ANALYZER_NONNULL = YES;
				CLANG_ANALYZER_NUMBER_OBJECT_CONVERSION = YES_AGGRESSIVE;
				CLANG_CXX_LANGUAGE_STANDARD = "gnu++14";
				CLANG_CXX_LIBRARY = "libc++";
				CLANG_ENABLE_MODULES = YES;
				CLANG_ENABLE_OBJC_ARC = YES;
				CLANG_ENABLE_OBJC_WEAK = YES;
				CLANG_WARN_BLOCK_CAPTURE_AUTORELEASING = YES;
				CLANG_WARN_BOOL_CONVERSION = YES;
				CLANG_WARN_COMMA = YES;
				CLANG_WARN_CONSTANT_CONVERSION = YES;
				CLANG_WARN_DEPRECATED_OBJC_IMPLEMENTATIONS = YES;
				CLANG_WARN_DIRECT_OBJC_ISA_USAGE = YES_ERROR;
				CLANG_WARN_DOCUMENTATION_COMMENTS = YES;
				CLANG_WARN_EMPTY_BODY = YES;
				CLANG_WARN_ENUM_CONVERSION = YES;
				CLANG_WARN_INFINITE_RECURSION = YES;
				CLANG_WARN_INT_CONVERSION = YES;
				CLANG_WARN_NON_LITERAL_NULL_CONVERSION = YES;
				CLANG_WARN_OBJC_IMPLICIT_RETAIN_SELF = YES;
				CLANG_WARN_OBJC_LITERAL_CONVERSION = YES;
				CLANG_WARN_OBJC_ROOT_CLASS = YES_ERROR;
				CLANG_WARN_RANGE_LOOP_ANALYSIS = YES;
				CLANG_WARN_STRICT_PROTOTYPES = YES;
				CLANG_WARN_SUSPICIOUS_MOVE = YES;
				CLANG_WARN_UNGUARDED_AVAILABILITY = YES_AGGRESSIVE;
				CLANG_WARN_UNREACHABLE_CODE = YES;
				CLANG_WARN__DUPLICATE_METHOD_MATCH = YES;
				COPY_PHASE_STRIP = NO;
				CURRENT_PROJECT_VERSION = 1;
				DEBUG_INFORMATION_FORMAT = "dwarf-with-dsym";
				ENABLE_NS_ASSERTIONS = NO;
				ENABLE_STRICT_OBJC_MSGSEND = YES;
				GCC_C_LANGUAGE_STANDARD = gnu11;
				GCC_NO_COMMON_BLOCKS = YES;
				GCC_WARN_64_TO_32_BIT_CONVERSION = YES;
				GCC_WARN_ABOUT_RETURN_TYPE = YES_ERROR;
				GCC_WARN_UNDECLARED_SELECTOR = YES;
				GCC_WARN_UNINITIALIZED_AUTOS = YES_AGGRESSIVE;
				GCC_WARN_UNUSED_FUNCTION = YES;
				GCC_WARN_UNUSED_VARIABLE = YES;
				IPHONEOS_DEPLOYMENT_TARGET = 13.2;
				MTL_ENABLE_DEBUG_INFO = NO;
				MTL_FAST_MATH = YES;
				SDKROOT = iphoneos;
				SWIFT_COMPILATION_MODE = wholemodule;
				SWIFT_OPTIMIZATION_LEVEL = "-O";
				VALIDATE_PRODUCT = YES;
				VERSIONING_SYSTEM = "apple-generic";
				VERSION_INFO_PREFIX = "";
			};
			name = Release;
		};
		A4F36C31243CD44300317590 /* Debug */ = {
			isa = XCBuildConfiguration;
			buildSettings = {
				CLANG_ENABLE_MODULES = YES;
				CODE_SIGN_STYLE = Automatic;
				DEFINES_MODULE = YES;
				DEVELOPMENT_TEAM = T6R8STCP63;
				DYLIB_COMPATIBILITY_VERSION = 1;
				DYLIB_CURRENT_VERSION = 1;
				DYLIB_INSTALL_NAME_BASE = "@rpath";
				INFOPLIST_FILE = Colourable/Info.plist;
				INSTALL_PATH = "$(LOCAL_LIBRARY_DIR)/Frameworks";
				IPHONEOS_DEPLOYMENT_TARGET = 10.0;
				LD_RUNPATH_SEARCH_PATHS = (
					"$(inherited)",
					"@executable_path/Frameworks",
					"@loader_path/Frameworks",
				);
				PRODUCT_BUNDLE_IDENTIFIER = com.kariimazmi.Colourable;
				PRODUCT_NAME = "$(TARGET_NAME:c99extidentifier)";
				SKIP_INSTALL = YES;
				SWIFT_OPTIMIZATION_LEVEL = "-Onone";
				SWIFT_VERSION = 5.0;
				TARGETED_DEVICE_FAMILY = "1,2";
			};
			name = Debug;
		};
		A4F36C32243CD44300317590 /* Release */ = {
			isa = XCBuildConfiguration;
			buildSettings = {
				CLANG_ENABLE_MODULES = YES;
				CODE_SIGN_STYLE = Automatic;
				DEFINES_MODULE = YES;
				DEVELOPMENT_TEAM = T6R8STCP63;
				DYLIB_COMPATIBILITY_VERSION = 1;
				DYLIB_CURRENT_VERSION = 1;
				DYLIB_INSTALL_NAME_BASE = "@rpath";
				INFOPLIST_FILE = Colourable/Info.plist;
				INSTALL_PATH = "$(LOCAL_LIBRARY_DIR)/Frameworks";
				IPHONEOS_DEPLOYMENT_TARGET = 10.0;
				LD_RUNPATH_SEARCH_PATHS = (
					"$(inherited)",
					"@executable_path/Frameworks",
					"@loader_path/Frameworks",
				);
				PRODUCT_BUNDLE_IDENTIFIER = com.kariimazmi.Colourable;
				PRODUCT_NAME = "$(TARGET_NAME:c99extidentifier)";
				SKIP_INSTALL = YES;
				SWIFT_VERSION = 5.0;
				TARGETED_DEVICE_FAMILY = "1,2";
			};
			name = Release;
		};
		A4F36C4F243CD4C200317590 /* Debug */ = {
			isa = XCBuildConfiguration;
			buildSettings = {
				ASSETCATALOG_COMPILER_APPICON_NAME = AppIcon;
				CODE_SIGN_STYLE = Automatic;
				DEVELOPMENT_TEAM = T6R8STCP63;
				INFOPLIST_FILE = Example/Info.plist;
				IPHONEOS_DEPLOYMENT_TARGET = 10.0;
				LD_RUNPATH_SEARCH_PATHS = (
					"$(inherited)",
					"@executable_path/Frameworks",
				);
				PRODUCT_BUNDLE_IDENTIFIER = com.kariimazmi.Example;
				PRODUCT_NAME = "$(TARGET_NAME)";
				SWIFT_VERSION = 5.0;
				TARGETED_DEVICE_FAMILY = "1,2";
			};
			name = Debug;
		};
		A4F36C50243CD4C200317590 /* Release */ = {
			isa = XCBuildConfiguration;
			buildSettings = {
				ASSETCATALOG_COMPILER_APPICON_NAME = AppIcon;
				CODE_SIGN_STYLE = Automatic;
				DEVELOPMENT_TEAM = T6R8STCP63;
				INFOPLIST_FILE = Example/Info.plist;
				IPHONEOS_DEPLOYMENT_TARGET = 10.0;
				LD_RUNPATH_SEARCH_PATHS = (
					"$(inherited)",
					"@executable_path/Frameworks",
				);
				PRODUCT_BUNDLE_IDENTIFIER = com.kariimazmi.Example;
				PRODUCT_NAME = "$(TARGET_NAME)";
				SWIFT_VERSION = 5.0;
				TARGETED_DEVICE_FAMILY = "1,2";
			};
			name = Release;
		};
/* End XCBuildConfiguration section */

/* Begin XCConfigurationList section */
		A4F36C22243CD44300317590 /* Build configuration list for PBXProject "Colourable" */ = {
			isa = XCConfigurationList;
			buildConfigurations = (
				A4F36C2E243CD44300317590 /* Debug */,
				A4F36C2F243CD44300317590 /* Release */,
			);
			defaultConfigurationIsVisible = 0;
			defaultConfigurationName = Release;
		};
		A4F36C30243CD44300317590 /* Build configuration list for PBXNativeTarget "Colourable" */ = {
			isa = XCConfigurationList;
			buildConfigurations = (
				A4F36C31243CD44300317590 /* Debug */,
				A4F36C32243CD44300317590 /* Release */,
			);
			defaultConfigurationIsVisible = 0;
			defaultConfigurationName = Release;
		};
		A4F36C4E243CD4C200317590 /* Build configuration list for PBXNativeTarget "Example" */ = {
			isa = XCConfigurationList;
			buildConfigurations = (
				A4F36C4F243CD4C200317590 /* Debug */,
				A4F36C50243CD4C200317590 /* Release */,
			);
			defaultConfigurationIsVisible = 0;
			defaultConfigurationName = Release;
		};
/* End XCConfigurationList section */
	};
	rootObject = A4F36C1F243CD44300317590 /* Project object */;
}
